
Microsoft Visual Studio Solution File, Format Version 12.00
# Visual Studio 2013
VisualStudioVersion = 12.0.31101.0
MinimumVisualStudioVersion = 10.0.40219.1
Project("{FAE04EC0-301F-11D3-BF4B-00C04F79EFBC}") = "Genesis", "Genesis\Genesis.csproj", "{CA6DEF23-C9F7-448D-B9D6-872ADFBA3E0E}"
EndProject
Project("{FAE04EC0-301F-11D3-BF4B-00C04F79EFBC}") = "GenesisWeb", "GenesisWeb\GenesisWeb.csproj", "{A976E749-56D8-4D38-9D15-B6E9CEEB7100}"
EndProject
Project("{2150E333-8FDC-42A3-9474-1A3956D46DE8}") = "Solution Items", "Solution Items", "{4F99445F-77B3-462B-BF25-1A9A16E060B0}"
	ProjectSection(SolutionItems) = preProject
		gruntfile.js = gruntfile.js
	EndProjectSection
EndProject
Global
	GlobalSection(SolutionConfigurationPlatforms) = preSolution
		Debug|Any CPU = Debug|Any CPU
		Release|Any CPU = Release|Any CPU
	EndGlobalSection
	GlobalSection(ProjectConfigurationPlatforms) = postSolution
		{CA6DEF23-C9F7-448D-B9D6-872ADFBA3E0E}.Debug|Any CPU.ActiveCfg = Debug|Any CPU
		{CA6DEF23-C9F7-448D-B9D6-872ADFBA3E0E}.Debug|Any CPU.Build.0 = Debug|Any CPU
		{CA6DEF23-C9F7-448D-B9D6-872ADFBA3E0E}.Debug|Any CPU.Deploy.0 = Debug|Any CPU
		{CA6DEF23-C9F7-448D-B9D6-872ADFBA3E0E}.Release|Any CPU.ActiveCfg = Release|Any CPU
		{CA6DEF23-C9F7-448D-B9D6-872ADFBA3E0E}.Release|Any CPU.Build.0 = Release|Any CPU
		{CA6DEF23-C9F7-448D-B9D6-872ADFBA3E0E}.Release|Any CPU.Deploy.0 = Release|Any CPU
		{A976E749-56D8-4D38-9D15-B6E9CEEB7100}.Debug|Any CPU.ActiveCfg = Debug|Any CPU
		{A976E749-56D8-4D38-9D15-B6E9CEEB7100}.Debug|Any CPU.Build.0 = Debug|Any CPU
		{A976E749-56D8-4D38-9D15-B6E9CEEB7100}.Release|Any CPU.ActiveCfg = Release|Any CPU
		{A976E749-56D8-4D38-9D15-B6E9CEEB7100}.Release|Any CPU.Build.0 = Release|Any CPU
	EndGlobalSection
	GlobalSection(SolutionProperties) = preSolution
		HideSolutionNode = FALSE
	EndGlobalSection
EndGlobal
